{
  "requires": true,
  "lockfileVersion": 1,
  "dependencies": {
    "vue": {
      "version": "2.6.10",
      "resolved": "https://registry.npmjs.org/vue/-/vue-2.6.10.tgz",
      "integrity": "sha512-ImThpeNU9HbdZL3utgMCq0oiMzAkt1mcgy3/E6zWC/G6AaQoeuFdsl9nDhTDU3X1R6FK7nsIUuRACVcjI+A2GQ=="
    },
    "vue-resize-split-pane": {
      "version": "0.1.5",
      "resolved": "https://registry.npmjs.org/vue-resize-split-pane/-/vue-resize-split-pane-0.1.5.tgz",
      "integrity": "sha512-eMpMsPbbvTcAcw5TlNUTiZ7T64zoeIALGNA+O2DeB5bhmkK4p06qqsDr4t+PzpOb811MF3DeYWb9rerroxzcaA==",
      "requires": {
        "vue": "^2.3.3"
      }
    }
  }
}
